
Microsoft Visual Studio Solution File, Format Version 12.00
# Visual Studio Version 17
VisualStudioVersion = 17.0.31903.59
MinimumVisualStudioVersion = 10.0.40219.1
Project("{2150E333-8FDC-42A3-9474-1A3956D46DE8}") = "tests", "tests", "{EEB84EFD-C6BE-416B-AD2B-635989727848}"
EndProject
Project("{9A19103F-16F7-4668-BE54-9A1E7A4F7556}") = "PomodoroCLI.Timer.Tests", "tests\PomodoroCLI.Timer.Tests\PomodoroCLI.Timer.Tests.csproj", "{C92A2A8A-066B-43CD-90EA-75CA601F1914}"
EndProject
Project("{2150E333-8FDC-42A3-9474-1A3956D46DE8}") = "src", "src", "{ED90CA92-F455-432F-BAE4-2F17E5B55118}"
EndProject
Project("{9A19103F-16F7-4668-BE54-9A1E7A4F7556}") = "Pomogotchi.Timer", "src\PomodoroCLI.Timer\Pomogotchi.Timer.csproj", "{CB4DF73B-577A-436A-81AA-EDDD8587D3CF}"
EndProject
Project("{9A19103F-16F7-4668-BE54-9A1E7A4F7556}") = "PomoGUI", "PomoGUI\PomoGUI.csproj", "{555D1C8C-D308-44A9-AFAC-AD339EECF8C0}"
	ProjectSection(ProjectDependencies) = postProject
		{CB4DF73B-577A-436A-81AA-EDDD8587D3CF} = {CB4DF73B-577A-436A-81AA-EDDD8587D3CF}
	EndProjectSection
EndProject
Project("{FAE04EC0-301F-11D3-BF4B-00C04F79EFBC}") = "Pomogotchi.SoundPlayer", "Pomogotchi.SoundPlayer\Pomogotchi.SoundPlayer.csproj", "{9DB55821-B4A5-47E3-AF22-2D31A1CDF025}"
EndProject
Global
	GlobalSection(SolutionConfigurationPlatforms) = preSolution
		Debug|Any CPU = Debug|Any CPU
		Debug|x64 = Debug|x64
		Debug|x86 = Debug|x86
		Release|Any CPU = Release|Any CPU
		Release|x64 = Release|x64
		Release|x86 = Release|x86
	EndGlobalSection
	GlobalSection(ProjectConfigurationPlatforms) = postSolution
		{C92A2A8A-066B-43CD-90EA-75CA601F1914}.Debug|Any CPU.ActiveCfg = Debug|Any CPU
		{C92A2A8A-066B-43CD-90EA-75CA601F1914}.Debug|Any CPU.Build.0 = Debug|Any CPU
		{C92A2A8A-066B-43CD-90EA-75CA601F1914}.Debug|x64.ActiveCfg = Debug|Any CPU
		{C92A2A8A-066B-43CD-90EA-75CA601F1914}.Debug|x64.Build.0 = Debug|Any CPU
		{C92A2A8A-066B-43CD-90EA-75CA601F1914}.Debug|x86.ActiveCfg = Debug|Any CPU
		{C92A2A8A-066B-43CD-90EA-75CA601F1914}.Debug|x86.Build.0 = Debug|Any CPU
		{C92A2A8A-066B-43CD-90EA-75CA601F1914}.Release|Any CPU.ActiveCfg = Release|Any CPU
		{C92A2A8A-066B-43CD-90EA-75CA601F1914}.Release|Any CPU.Build.0 = Release|Any CPU
		{C92A2A8A-066B-43CD-90EA-75CA601F1914}.Release|x64.ActiveCfg = Release|Any CPU
		{C92A2A8A-066B-43CD-90EA-75CA601F1914}.Release|x64.Build.0 = Release|Any CPU
		{C92A2A8A-066B-43CD-90EA-75CA601F1914}.Release|x86.ActiveCfg = Release|Any CPU
		{C92A2A8A-066B-43CD-90EA-75CA601F1914}.Release|x86.Build.0 = Release|Any CPU
		{CB4DF73B-577A-436A-81AA-EDDD8587D3CF}.Debug|Any CPU.ActiveCfg = Debug|Any CPU
		{CB4DF73B-577A-436A-81AA-EDDD8587D3CF}.Debug|Any CPU.Build.0 = Debug|Any CPU
		{CB4DF73B-577A-436A-81AA-EDDD8587D3CF}.Debug|x64.ActiveCfg = Debug|Any CPU
		{CB4DF73B-577A-436A-81AA-EDDD8587D3CF}.Debug|x64.Build.0 = Debug|Any CPU
		{CB4DF73B-577A-436A-81AA-EDDD8587D3CF}.Debug|x86.ActiveCfg = Debug|Any CPU
		{CB4DF73B-577A-436A-81AA-EDDD8587D3CF}.Debug|x86.Build.0 = Debug|Any CPU
		{CB4DF73B-577A-436A-81AA-EDDD8587D3CF}.Release|Any CPU.ActiveCfg = Release|Any CPU
		{CB4DF73B-577A-436A-81AA-EDDD8587D3CF}.Release|Any CPU.Build.0 = Release|Any CPU
		{CB4DF73B-577A-436A-81AA-EDDD8587D3CF}.Release|x64.ActiveCfg = Release|Any CPU
		{CB4DF73B-577A-436A-81AA-EDDD8587D3CF}.Release|x64.Build.0 = Release|Any CPU
		{CB4DF73B-577A-436A-81AA-EDDD8587D3CF}.Release|x86.ActiveCfg = Release|Any CPU
		{CB4DF73B-577A-436A-81AA-EDDD8587D3CF}.Release|x86.Build.0 = Release|Any CPU
		{555D1C8C-D308-44A9-AFAC-AD339EECF8C0}.Debug|Any CPU.ActiveCfg = Debug|Any CPU
		{555D1C8C-D308-44A9-AFAC-AD339EECF8C0}.Debug|Any CPU.Build.0 = Debug|Any CPU
		{555D1C8C-D308-44A9-AFAC-AD339EECF8C0}.Debug|x64.ActiveCfg = Debug|Any CPU
		{555D1C8C-D308-44A9-AFAC-AD339EECF8C0}.Debug|x64.Build.0 = Debug|Any CPU
		{555D1C8C-D308-44A9-AFAC-AD339EECF8C0}.Debug|x86.ActiveCfg = Debug|Any CPU
		{555D1C8C-D308-44A9-AFAC-AD339EECF8C0}.Debug|x86.Build.0 = Debug|Any CPU
		{555D1C8C-D308-44A9-AFAC-AD339EECF8C0}.Release|Any CPU.ActiveCfg = Release|Any CPU
		{555D1C8C-D308-44A9-AFAC-AD339EECF8C0}.Release|Any CPU.Build.0 = Release|Any CPU
		{555D1C8C-D308-44A9-AFAC-AD339EECF8C0}.Release|x64.ActiveCfg = Release|Any CPU
		{555D1C8C-D308-44A9-AFAC-AD339EECF8C0}.Release|x64.Build.0 = Release|Any CPU
		{555D1C8C-D308-44A9-AFAC-AD339EECF8C0}.Release|x86.ActiveCfg = Release|Any CPU
		{555D1C8C-D308-44A9-AFAC-AD339EECF8C0}.Release|x86.Build.0 = Release|Any CPU
		{9DB55821-B4A5-47E3-AF22-2D31A1CDF025}.Debug|Any CPU.ActiveCfg = Debug|Any CPU
		{9DB55821-B4A5-47E3-AF22-2D31A1CDF025}.Debug|Any CPU.Build.0 = Debug|Any CPU
		{9DB55821-B4A5-47E3-AF22-2D31A1CDF025}.Debug|x64.ActiveCfg = Debug|Any CPU
		{9DB55821-B4A5-47E3-AF22-2D31A1CDF025}.Debug|x64.Build.0 = Debug|Any CPU
		{9DB55821-B4A5-47E3-AF22-2D31A1CDF025}.Debug|x86.ActiveCfg = Debug|Any CPU
		{9DB55821-B4A5-47E3-AF22-2D31A1CDF025}.Debug|x86.Build.0 = Debug|Any CPU
		{9DB55821-B4A5-47E3-AF22-2D31A1CDF025}.Release|Any CPU.ActiveCfg = Release|Any CPU
		{9DB55821-B4A5-47E3-AF22-2D31A1CDF025}.Release|Any CPU.Build.0 = Release|Any CPU
		{9DB55821-B4A5-47E3-AF22-2D31A1CDF025}.Release|x64.ActiveCfg = Release|Any CPU
		{9DB55821-B4A5-47E3-AF22-2D31A1CDF025}.Release|x64.Build.0 = Release|Any CPU
		{9DB55821-B4A5-47E3-AF22-2D31A1CDF025}.Release|x86.ActiveCfg = Release|Any CPU
		{9DB55821-B4A5-47E3-AF22-2D31A1CDF025}.Release|x86.Build.0 = Release|Any CPU
	EndGlobalSection
	GlobalSection(SolutionProperties) = preSolution
		HideSolutionNode = FALSE
	EndGlobalSection
	GlobalSection(NestedProjects) = preSolution
		{C92A2A8A-066B-43CD-90EA-75CA601F1914} = {EEB84EFD-C6BE-416B-AD2B-635989727848}
		{CB4DF73B-577A-436A-81AA-EDDD8587D3CF} = {ED90CA92-F455-432F-BAE4-2F17E5B55118}
		{555D1C8C-D308-44A9-AFAC-AD339EECF8C0} = {ED90CA92-F455-432F-BAE4-2F17E5B55118}
		{9DB55821-B4A5-47E3-AF22-2D31A1CDF025} = {ED90CA92-F455-432F-BAE4-2F17E5B55118}
	EndGlobalSection
	GlobalSection(ExtensibilityGlobals) = postSolution
		SolutionGuid = {7BDBCD4E-D2CE-41B9-BBC5-C5FDAAA53F3D}
	EndGlobalSection
EndGlobal
